
Microsoft Visual Studio Solution File, Format Version 12.00
# Visual Studio Version 17
VisualStudioVersion = 17.14.36623.8 d17.14
MinimumVisualStudioVersion = 10.0.40219.1
Project("{2150E333-8FDC-42A3-9474-1A3956D46DE8}") = "Task0", "Task0", "{02EA681E-C7D8-13C7-8484-4AC65E1B71E8}"
EndProject
Project("{2150E333-8FDC-42A3-9474-1A3956D46DE8}") = "Task1", "Task1", "{0B27428B-B3F8-42F5-8667-ECC0499F8B16}"
EndProject
Project("{2150E333-8FDC-42A3-9474-1A3956D46DE8}") = "Task2", "Task2", "{DB181A11-30A7-4CF5-A02F-DD3F965D62FB}"
EndProject
Project("{2150E333-8FDC-42A3-9474-1A3956D46DE8}") = "Task3", "Task3", "{E03F8AC8-3E77-4D75-B627-13D22D858E20}"
EndProject
Project("{2150E333-8FDC-42A3-9474-1A3956D46DE8}") = "Task4", "Task4", "{48731E79-7EE6-455F-A22C-8CDBC73306B5}"
EndProject
Project("{2150E333-8FDC-42A3-9474-1A3956D46DE8}") = "Task5", "Task5", "{5277B937-021B-4257-AF3B-1A49ADBF5BB1}"
EndProject
Project("{2150E333-8FDC-42A3-9474-1A3956D46DE8}") = "Task6", "Task6", "{786A79AB-2D19-4A4F-8E9E-690AF49D944E}"
EndProject
Project("{2150E333-8FDC-42A3-9474-1A3956D46DE8}") = "Task7", "Task7", "{8C76FA87-05FC-421F-8A7F-9B944D122861}"
EndProject
Project("{FAE04EC0-301F-11D3-BF4B-00C04F79EFBC}") = "Tyuiu.ShevchenokSE.Sprint3.Task0.V13", "Tyuiu.ShevchenokSE.Sprint3.Task0.V13\Tyuiu.ShevchenokSE.Sprint3.Task0.V13.csproj", "{D7F2E13F-FAC9-4F8A-ACDB-FBDC6E88D0CD}"
EndProject
Project("{FAE04EC0-301F-11D3-BF4B-00C04F79EFBC}") = "Tyuiu.ShevchenokSE.Sprint3.Task0.V13.Test", "Tyuiu.ShevchenokSE.Sprint3.Task0.V13.Test\Tyuiu.ShevchenokSE.Sprint3.Task0.V13.Test.csproj", "{343643A3-9764-4385-9184-029E11A6EC45}"
EndProject
Project("{FAE04EC0-301F-11D3-BF4B-00C04F79EFBC}") = "Tyuiu.ShevchenokSE.Sprint3.Task0.V13.Lib", "Tyuiu.ShevchenokSE.Sprint3.Task0.V13.Lib\Tyuiu.ShevchenokSE.Sprint3.Task0.V13.Lib.csproj", "{ED26AD0B-18FE-4C4A-A623-087FC2DC2538}"
EndProject
Project("{FAE04EC0-301F-11D3-BF4B-00C04F79EFBC}") = "Tyuiu.ShevchenokSE.Sprint3.Task1.V28", "Tyuiu.ShevchenokSE.Sprint3.Task1.V28\Tyuiu.ShevchenokSE.Sprint3.Task1.V28.csproj", "{EA47A154-0911-45BA-B7C1-1B806DA23156}"
EndProject
Project("{FAE04EC0-301F-11D3-BF4B-00C04F79EFBC}") = "Tyuiu.ShevchenokSE.Sprint3.Task1.V28.Lib", "Tyuiu.ShevchenokSE.Sprint3.Task1.V28.Lib\Tyuiu.ShevchenokSE.Sprint3.Task1.V28.Lib.csproj", "{ECD19CFD-59BC-4A6D-9AEB-B78650F2ED87}"
EndProject
Project("{FAE04EC0-301F-11D3-BF4B-00C04F79EFBC}") = "Tyuiu.ShevchenokSE.Sprint3.Task1.V28.Test", "Tyuiu.ShevchenokSE.Sprint3.Task1.V28.Test\Tyuiu.ShevchenokSE.Sprint3.Task1.V28.Test.csproj", "{8AFCB446-8790-4BB1-A103-8B6B7B6D1743}"
EndProject
Project("{FAE04EC0-301F-11D3-BF4B-00C04F79EFBC}") = "Tyuiu.ShevchenokSE.Sprint3.Task2.V21", "Tyuiu.ShevchenokSE.Sprint3.Task2.V21\Tyuiu.ShevchenokSE.Sprint3.Task2.V21.csproj", "{DC120FBA-4B77-45F0-992A-A1220D4433E3}"
EndProject
Project("{FAE04EC0-301F-11D3-BF4B-00C04F79EFBC}") = "Tyuiu.ShevchenokSE.Sprint3.Task2.V21.Lib", "Tyuiu.ShevchenokSE.Sprint3.Task2.V21.Lib\Tyuiu.ShevchenokSE.Sprint3.Task2.V21.Lib.csproj", "{4001D3C6-547C-4C92-84E8-1AC196C4674D}"
EndProject
Project("{FAE04EC0-301F-11D3-BF4B-00C04F79EFBC}") = "Tyuiu.ShevchenokSE.Sprint3.Task2.V21.Test", "Tyuiu.ShevchenokSE.Sprint3.Task2.V21.Test\Tyuiu.ShevchenokSE.Sprint3.Task2.V21.Test.csproj", "{18026270-2D17-41B5-9E55-6B1349A6CD36}"
EndProject
Project("{FAE04EC0-301F-11D3-BF4B-00C04F79EFBC}") = "Tyuiu.ShevchenokSE.Sprint3.Task3.V10", "Tyuiu.ShevchenokSE.Sprint3.Task3.V10\Tyuiu.ShevchenokSE.Sprint3.Task3.V10.csproj", "{9D342C67-6810-4B7A-A30E-C077B24036B9}"
EndProject
Project("{FAE04EC0-301F-11D3-BF4B-00C04F79EFBC}") = "Tyuiu.ShevchenokSE.Sprint3.Task3.V10.Lib", "Tyuiu.ShevchenokSE.Sprint3.Task3.V10.Lib\Tyuiu.ShevchenokSE.Sprint3.Task3.V10.Lib.csproj", "{ACD6BE2F-882C-4B33-881C-30AF5BDEAED9}"
EndProject
Project("{FAE04EC0-301F-11D3-BF4B-00C04F79EFBC}") = "Tyuiu.ShevchenokSE.Sprint3.Task3.V10.Test", "Tyuiu.ShevchenokSE.Sprint3.Task3.V10.Test\Tyuiu.ShevchenokSE.Sprint3.Task3.V10.Test.csproj", "{1B8355F8-A831-47B2-85FD-031D1B8A9DE4}"
EndProject
Project("{FAE04EC0-301F-11D3-BF4B-00C04F79EFBC}") = "Tyuiu.ShevchenokSE.Sprint3.Task4.V23", "Tyuiu.ShevchenokSE.Sprint3.Task4.V23\Tyuiu.ShevchenokSE.Sprint3.Task4.V23.csproj", "{C009BE44-3DEF-456B-B293-16DE0C931B8C}"
EndProject
Project("{FAE04EC0-301F-11D3-BF4B-00C04F79EFBC}") = "Tyuiu.ShevchenokSE.Sprint3.Task4.V23.Lib", "Tyuiu.ShevchenokSE.Sprint3.Task4.V23.Lib\Tyuiu.ShevchenokSE.Sprint3.Task4.V23.Lib.csproj", "{D94205F1-7202-475A-87C2-18D4958B2680}"
EndProject
Project("{FAE04EC0-301F-11D3-BF4B-00C04F79EFBC}") = "Tyuiu.ShevchenokSE.Sprint3.Task4.V23.Test", "Tyuiu.ShevchenokSE.Sprint3.Task4.V23.Test\Tyuiu.ShevchenokSE.Sprint3.Task4.V23.Test.csproj", "{45FF4BD7-27BC-4FD0-87A3-D522534B139C}"
EndProject
Project("{FAE04EC0-301F-11D3-BF4B-00C04F79EFBC}") = "Tyuiu.ShevchenokSE.Sprint3.Task5.V21", "Tyuiu.ShevchenokSE.Sprint3.Task5.V21\Tyuiu.ShevchenokSE.Sprint3.Task5.V21.csproj", "{C360BBB1-C457-4A0B-9C52-406D098CCB3D}"
EndProject
Project("{FAE04EC0-301F-11D3-BF4B-00C04F79EFBC}") = "Tyuiu.ShevchenokSE.Sprint3.Task5.V21.Lib", "Tyuiu.ShevchenokSE.Sprint3.Task5.V21.Lib\Tyuiu.ShevchenokSE.Sprint3.Task5.V21.Lib.csproj", "{5402EE4A-DE05-4753-BFC0-4B7E79C246D8}"
EndProject
Project("{FAE04EC0-301F-11D3-BF4B-00C04F79EFBC}") = "Tyuiu.ShevchenokSE.Sprint3.Task5.V21.Test", "Tyuiu.ShevchenokSE.Sprint3.Task5.V21.Test\Tyuiu.ShevchenokSE.Sprint3.Task5.V21.Test.csproj", "{1DE7625B-EB0A-44A8-8748-968B3E65F9F4}"
EndProject
Global
	GlobalSection(SolutionConfigurationPlatforms) = preSolution
		Debug|Any CPU = Debug|Any CPU
		Release|Any CPU = Release|Any CPU
	EndGlobalSection
	GlobalSection(ProjectConfigurationPlatforms) = postSolution
		{D7F2E13F-FAC9-4F8A-ACDB-FBDC6E88D0CD}.Debug|Any CPU.ActiveCfg = Debug|Any CPU
		{D7F2E13F-FAC9-4F8A-ACDB-FBDC6E88D0CD}.Debug|Any CPU.Build.0 = Debug|Any CPU
		{D7F2E13F-FAC9-4F8A-ACDB-FBDC6E88D0CD}.Release|Any CPU.ActiveCfg = Release|Any CPU
		{D7F2E13F-FAC9-4F8A-ACDB-FBDC6E88D0CD}.Release|Any CPU.Build.0 = Release|Any CPU
		{343643A3-9764-4385-9184-029E11A6EC45}.Debug|Any CPU.ActiveCfg = Debug|Any CPU
		{343643A3-9764-4385-9184-029E11A6EC45}.Debug|Any CPU.Build.0 = Debug|Any CPU
		{343643A3-9764-4385-9184-029E11A6EC45}.Release|Any CPU.ActiveCfg = Release|Any CPU
		{343643A3-9764-4385-9184-029E11A6EC45}.Release|Any CPU.Build.0 = Release|Any CPU
		{ED26AD0B-18FE-4C4A-A623-087FC2DC2538}.Debug|Any CPU.ActiveCfg = Debug|Any CPU
		{ED26AD0B-18FE-4C4A-A623-087FC2DC2538}.Debug|Any CPU.Build.0 = Debug|Any CPU
		{ED26AD0B-18FE-4C4A-A623-087FC2DC2538}.Release|Any CPU.ActiveCfg = Release|Any CPU
		{ED26AD0B-18FE-4C4A-A623-087FC2DC2538}.Release|Any CPU.Build.0 = Release|Any CPU
		{EA47A154-0911-45BA-B7C1-1B806DA23156}.Debug|Any CPU.ActiveCfg = Debug|Any CPU
		{EA47A154-0911-45BA-B7C1-1B806DA23156}.Debug|Any CPU.Build.0 = Debug|Any CPU
		{EA47A154-0911-45BA-B7C1-1B806DA23156}.Release|Any CPU.ActiveCfg = Release|Any CPU
		{EA47A154-0911-45BA-B7C1-1B806DA23156}.Release|Any CPU.Build.0 = Release|Any CPU
		{ECD19CFD-59BC-4A6D-9AEB-B78650F2ED87}.Debug|Any CPU.ActiveCfg = Debug|Any CPU
		{ECD19CFD-59BC-4A6D-9AEB-B78650F2ED87}.Debug|Any CPU.Build.0 = Debug|Any CPU
		{ECD19CFD-59BC-4A6D-9AEB-B78650F2ED87}.Release|Any CPU.ActiveCfg = Release|Any CPU
		{ECD19CFD-59BC-4A6D-9AEB-B78650F2ED87}.Release|Any CPU.Build.0 = Release|Any CPU
		{8AFCB446-8790-4BB1-A103-8B6B7B6D1743}.Debug|Any CPU.ActiveCfg = Debug|Any CPU
		{8AFCB446-8790-4BB1-A103-8B6B7B6D1743}.Debug|Any CPU.Build.0 = Debug|Any CPU
		{8AFCB446-8790-4BB1-A103-8B6B7B6D1743}.Release|Any CPU.ActiveCfg = Release|Any CPU
		{8AFCB446-8790-4BB1-A103-8B6B7B6D1743}.Release|Any CPU.Build.0 = Release|Any CPU
		{DC120FBA-4B77-45F0-992A-A1220D4433E3}.Debug|Any CPU.ActiveCfg = Debug|Any CPU
		{DC120FBA-4B77-45F0-992A-A1220D4433E3}.Debug|Any CPU.Build.0 = Debug|Any CPU
		{DC120FBA-4B77-45F0-992A-A1220D4433E3}.Release|Any CPU.ActiveCfg = Release|Any CPU
		{DC120FBA-4B77-45F0-992A-A1220D4433E3}.Release|Any CPU.Build.0 = Release|Any CPU
		{4001D3C6-547C-4C92-84E8-1AC196C4674D}.Debug|Any CPU.ActiveCfg = Debug|Any CPU
		{4001D3C6-547C-4C92-84E8-1AC196C4674D}.Debug|Any CPU.Build.0 = Debug|Any CPU
		{4001D3C6-547C-4C92-84E8-1AC196C4674D}.Release|Any CPU.ActiveCfg = Release|Any CPU
		{4001D3C6-547C-4C92-84E8-1AC196C4674D}.Release|Any CPU.Build.0 = Release|Any CPU
		{18026270-2D17-41B5-9E55-6B1349A6CD36}.Debug|Any CPU.ActiveCfg = Debug|Any CPU
		{18026270-2D17-41B5-9E55-6B1349A6CD36}.Debug|Any CPU.Build.0 = Debug|Any CPU
		{18026270-2D17-41B5-9E55-6B1349A6CD36}.Release|Any CPU.ActiveCfg = Release|Any CPU
		{18026270-2D17-41B5-9E55-6B1349A6CD36}.Release|Any CPU.Build.0 = Release|Any CPU
		{9D342C67-6810-4B7A-A30E-C077B24036B9}.Debug|Any CPU.ActiveCfg = Debug|Any CPU
		{9D342C67-6810-4B7A-A30E-C077B24036B9}.Debug|Any CPU.Build.0 = Debug|Any CPU
		{9D342C67-6810-4B7A-A30E-C077B24036B9}.Release|Any CPU.ActiveCfg = Release|Any CPU
		{9D342C67-6810-4B7A-A30E-C077B24036B9}.Release|Any CPU.Build.0 = Release|Any CPU
		{ACD6BE2F-882C-4B33-881C-30AF5BDEAED9}.Debug|Any CPU.ActiveCfg = Debug|Any CPU
		{ACD6BE2F-882C-4B33-881C-30AF5BDEAED9}.Debug|Any CPU.Build.0 = Debug|Any CPU
		{ACD6BE2F-882C-4B33-881C-30AF5BDEAED9}.Release|Any CPU.ActiveCfg = Release|Any CPU
		{ACD6BE2F-882C-4B33-881C-30AF5BDEAED9}.Release|Any CPU.Build.0 = Release|Any CPU
		{1B8355F8-A831-47B2-85FD-031D1B8A9DE4}.Debug|Any CPU.ActiveCfg = Debug|Any CPU
		{1B8355F8-A831-47B2-85FD-031D1B8A9DE4}.Debug|Any CPU.Build.0 = Debug|Any CPU
		{1B8355F8-A831-47B2-85FD-031D1B8A9DE4}.Release|Any CPU.ActiveCfg = Release|Any CPU
		{1B8355F8-A831-47B2-85FD-031D1B8A9DE4}.Release|Any CPU.Build.0 = Release|Any CPU
		{C009BE44-3DEF-456B-B293-16DE0C931B8C}.Debug|Any CPU.ActiveCfg = Debug|Any CPU
		{C009BE44-3DEF-456B-B293-16DE0C931B8C}.Debug|Any CPU.Build.0 = Debug|Any CPU
		{C009BE44-3DEF-456B-B293-16DE0C931B8C}.Release|Any CPU.ActiveCfg = Release|Any CPU
		{C009BE44-3DEF-456B-B293-16DE0C931B8C}.Release|Any CPU.Build.0 = Release|Any CPU
		{D94205F1-7202-475A-87C2-18D4958B2680}.Debug|Any CPU.ActiveCfg = Debug|Any CPU
		{D94205F1-7202-475A-87C2-18D4958B2680}.Debug|Any CPU.Build.0 = Debug|Any CPU
		{D94205F1-7202-475A-87C2-18D4958B2680}.Release|Any CPU.ActiveCfg = Release|Any CPU
		{D94205F1-7202-475A-87C2-18D4958B2680}.Release|Any CPU.Build.0 = Release|Any CPU
		{45FF4BD7-27BC-4FD0-87A3-D522534B139C}.Debug|Any CPU.ActiveCfg = Debug|Any CPU
		{45FF4BD7-27BC-4FD0-87A3-D522534B139C}.Debug|Any CPU.Build.0 = Debug|Any CPU
		{45FF4BD7-27BC-4FD0-87A3-D522534B139C}.Release|Any CPU.ActiveCfg = Release|Any CPU
		{45FF4BD7-27BC-4FD0-87A3-D522534B139C}.Release|Any CPU.Build.0 = Release|Any CPU
		{C360BBB1-C457-4A0B-9C52-406D098CCB3D}.Debug|Any CPU.ActiveCfg = Debug|Any CPU
		{C360BBB1-C457-4A0B-9C52-406D098CCB3D}.Debug|Any CPU.Build.0 = Debug|Any CPU
		{C360BBB1-C457-4A0B-9C52-406D098CCB3D}.Release|Any CPU.ActiveCfg = Release|Any CPU
		{C360BBB1-C457-4A0B-9C52-406D098CCB3D}.Release|Any CPU.Build.0 = Release|Any CPU
		{5402EE4A-DE05-4753-BFC0-4B7E79C246D8}.Debug|Any CPU.ActiveCfg = Debug|Any CPU
		{5402EE4A-DE05-4753-BFC0-4B7E79C246D8}.Debug|Any CPU.Build.0 = Debug|Any CPU
		{5402EE4A-DE05-4753-BFC0-4B7E79C246D8}.Release|Any CPU.ActiveCfg = Release|Any CPU
		{5402EE4A-DE05-4753-BFC0-4B7E79C246D8}.Release|Any CPU.Build.0 = Release|Any CPU
		{1DE7625B-EB0A-44A8-8748-968B3E65F9F4}.Debug|Any CPU.ActiveCfg = Debug|Any CPU
		{1DE7625B-EB0A-44A8-8748-968B3E65F9F4}.Debug|Any CPU.Build.0 = Debug|Any CPU
		{1DE7625B-EB0A-44A8-8748-968B3E65F9F4}.Release|Any CPU.ActiveCfg = Release|Any CPU
		{1DE7625B-EB0A-44A8-8748-968B3E65F9F4}.Release|Any CPU.Build.0 = Release|Any CPU
	EndGlobalSection
	GlobalSection(SolutionProperties) = preSolution
		HideSolutionNode = FALSE
	EndGlobalSection
	GlobalSection(NestedProjects) = preSolution
		{D7F2E13F-FAC9-4F8A-ACDB-FBDC6E88D0CD} = {02EA681E-C7D8-13C7-8484-4AC65E1B71E8}
		{343643A3-9764-4385-9184-029E11A6EC45} = {02EA681E-C7D8-13C7-8484-4AC65E1B71E8}
		{ED26AD0B-18FE-4C4A-A623-087FC2DC2538} = {02EA681E-C7D8-13C7-8484-4AC65E1B71E8}
		{EA47A154-0911-45BA-B7C1-1B806DA23156} = {0B27428B-B3F8-42F5-8667-ECC0499F8B16}
		{ECD19CFD-59BC-4A6D-9AEB-B78650F2ED87} = {0B27428B-B3F8-42F5-8667-ECC0499F8B16}
		{8AFCB446-8790-4BB1-A103-8B6B7B6D1743} = {0B27428B-B3F8-42F5-8667-ECC0499F8B16}
		{DC120FBA-4B77-45F0-992A-A1220D4433E3} = {DB181A11-30A7-4CF5-A02F-DD3F965D62FB}
		{4001D3C6-547C-4C92-84E8-1AC196C4674D} = {DB181A11-30A7-4CF5-A02F-DD3F965D62FB}
		{18026270-2D17-41B5-9E55-6B1349A6CD36} = {DB181A11-30A7-4CF5-A02F-DD3F965D62FB}
		{9D342C67-6810-4B7A-A30E-C077B24036B9} = {E03F8AC8-3E77-4D75-B627-13D22D858E20}
		{ACD6BE2F-882C-4B33-881C-30AF5BDEAED9} = {E03F8AC8-3E77-4D75-B627-13D22D858E20}
		{1B8355F8-A831-47B2-85FD-031D1B8A9DE4} = {E03F8AC8-3E77-4D75-B627-13D22D858E20}
		{C009BE44-3DEF-456B-B293-16DE0C931B8C} = {48731E79-7EE6-455F-A22C-8CDBC73306B5}
		{D94205F1-7202-475A-87C2-18D4958B2680} = {48731E79-7EE6-455F-A22C-8CDBC73306B5}
		{45FF4BD7-27BC-4FD0-87A3-D522534B139C} = {48731E79-7EE6-455F-A22C-8CDBC73306B5}
		{C360BBB1-C457-4A0B-9C52-406D098CCB3D} = {5277B937-021B-4257-AF3B-1A49ADBF5BB1}
		{5402EE4A-DE05-4753-BFC0-4B7E79C246D8} = {5277B937-021B-4257-AF3B-1A49ADBF5BB1}
		{1DE7625B-EB0A-44A8-8748-968B3E65F9F4} = {5277B937-021B-4257-AF3B-1A49ADBF5BB1}
	EndGlobalSection
	GlobalSection(ExtensibilityGlobals) = postSolution
		SolutionGuid = {775CF47E-7EA1-4AC8-AB70-4A5FBDBE2DE8}
	EndGlobalSection
EndGlobal
